
Microsoft Visual Studio Solution File, Format Version 12.00
# Visual Studio Version 16
VisualStudioVersion = 16.0.31624.102
MinimumVisualStudioVersion = 10.0.40219.1
Project("{8BC9CEB8-8B4A-11D0-8D11-00A0C91BC942}") = "os1_1", "os1_1.vcxproj", "{E7B1E3DB-83B7-4959-9EAB-016C316368ED}"
EndProject
Global
	GlobalSection(SolutionConfigurationPlatforms) = preSolution
		Debug|x64 = Debug|x64
		Debug|x86 = Debug|x86
		Release|x64 = Release|x64
		Release|x86 = Release|x86
	EndGlobalSection
	GlobalSection(ProjectConfigurationPlatforms) = postSolution
		{E7B1E3DB-83B7-4959-9EAB-016C316368ED}.Debug|x64.ActiveCfg = Debug|x64
		{E7B1E3DB-83B7-4959-9EAB-016C316368ED}.Debug|x64.Build.0 = Debug|x64
		{E7B1E3DB-83B7-4959-9EAB-016C316368ED}.Debug|x86.ActiveCfg = Debug|Win32
		{E7B1E3DB-83B7-4959-9EAB-016C316368ED}.Debug|x86.Build.0 = Debug|Win32
		{E7B1E3DB-83B7-4959-9EAB-016C316368ED}.Release|x64.ActiveCfg = Release|x64
		{E7B1E3DB-83B7-4959-9EAB-016C316368ED}.Release|x64.Build.0 = Release|x64
		{E7B1E3DB-83B7-4959-9EAB-016C316368ED}.Release|x86.ActiveCfg = Release|Win32
		{E7B1E3DB-83B7-4959-9EAB-016C316368ED}.Release|x86.Build.0 = Release|Win32
	EndGlobalSection
	GlobalSection(SolutionProperties) = preSolution
		HideSolutionNode = FALSE
	EndGlobalSection
	GlobalSection(ExtensibilityGlobals) = postSolution
		SolutionGuid = {AF74C8B0-91A4-4B87-9027-714B26D16355}
	EndGlobalSection
EndGlobal
